// !$*UTF8*$!
{
	archiveVersion = 1;
	classes = {
	};
	objectVersion = 56;
	objects = {

/* Begin PBXBuildFile section */
		D6299E27293087A5004139DD /* AppDelegate.swift in Sources */ = {isa = PBXBuildFile; fileRef = D6299E26293087A5004139DD /* AppDelegate.swift */; };
		D6299E29293087A5004139DD /* SceneDelegate.swift in Sources */ = {isa = PBXBuildFile; fileRef = D6299E28293087A5004139DD /* SceneDelegate.swift */; };
		D6299E2B293087A5004139DD /* ViewController.swift in Sources */ = {isa = PBXBuildFile; fileRef = D6299E2A293087A5004139DD /* ViewController.swift */; };
		D6299E31293087A5004139DD /* CommerceDemoApp.xcdatamodeld in Sources */ = {isa = PBXBuildFile; fileRef = D6299E2F293087A5004139DD /* CommerceDemoApp.xcdatamodeld */; };
		D6299E33293087A7004139DD /* Assets.xcassets in Resources */ = {isa = PBXBuildFile; fileRef = D6299E32293087A7004139DD /* Assets.xcassets */; };
		D6299E36293087A7004139DD /* LaunchScreen.storyboard in Resources */ = {isa = PBXBuildFile; fileRef = D6299E34293087A7004139DD /* LaunchScreen.storyboard */; };
		D6299E4029308BD2004139DD /* BaseTabBarController.swift in Sources */ = {isa = PBXBuildFile; fileRef = D6299E3F29308BD2004139DD /* BaseTabBarController.swift */; };
		D6299E4A29309003004139DD /* HomeViewController.swift in Sources */ = {isa = PBXBuildFile; fileRef = D6299E4929309003004139DD /* HomeViewController.swift */; };
		D6299E4C2930900E004139DD /* LikeViewController.swift in Sources */ = {isa = PBXBuildFile; fileRef = D6299E4B2930900E004139DD /* LikeViewController.swift */; };
		D6299E4E29309023004139DD /* HomeReactor.swift in Sources */ = {isa = PBXBuildFile; fileRef = D6299E4D29309023004139DD /* HomeReactor.swift */; };
		D6299E502930902A004139DD /* HomeModel.swift in Sources */ = {isa = PBXBuildFile; fileRef = D6299E4F2930902A004139DD /* HomeModel.swift */; };
		D6299E5229309039004139DD /* LikeReactor.swift in Sources */ = {isa = PBXBuildFile; fileRef = D6299E5129309039004139DD /* LikeReactor.swift */; };
		D6299E5429309043004139DD /* LikeModel.swift in Sources */ = {isa = PBXBuildFile; fileRef = D6299E5329309043004139DD /* LikeModel.swift */; };
		D6299E5929309436004139DD /* UIColor+Extensions.swift in Sources */ = {isa = PBXBuildFile; fileRef = D6299E5829309436004139DD /* UIColor+Extensions.swift */; };
		D6299E5E2930A093004139DD /* HomeBannerCollectionViewCell.swift in Sources */ = {isa = PBXBuildFile; fileRef = D6299E5D2930A093004139DD /* HomeBannerCollectionViewCell.swift */; };
		D6299E622930A106004139DD /* GoodsListCollectionViewCell.swift in Sources */ = {isa = PBXBuildFile; fileRef = D6299E612930A106004139DD /* GoodsListCollectionViewCell.swift */; };
		D6299E6729319EDC004139DD /* HttpApiManager.swift in Sources */ = {isa = PBXBuildFile; fileRef = D6299E6629319EDC004139DD /* HttpApiManager.swift */; };
		D6299E6929319F85004139DD /* ApiError.swift in Sources */ = {isa = PBXBuildFile; fileRef = D6299E6829319F85004139DD /* ApiError.swift */; };
		D6299E6B2931AB5D004139DD /* NSError+Extensions.swift in Sources */ = {isa = PBXBuildFile; fileRef = D6299E6A2931AB5D004139DD /* NSError+Extensions.swift */; };
		D6299E6D2931ABAC004139DD /* HomeApi.swift in Sources */ = {isa = PBXBuildFile; fileRef = D6299E6C2931ABAC004139DD /* HomeApi.swift */; };
		D6299E712931AC12004139DD /* HomeApiServiceModel.swift in Sources */ = {isa = PBXBuildFile; fileRef = D6299E702931AC12004139DD /* HomeApiServiceModel.swift */; };
		D6299E782931E3EC004139DD /* Int+Extensions.swift in Sources */ = {isa = PBXBuildFile; fileRef = D6299E772931E3EC004139DD /* Int+Extensions.swift */; };
		E4A22EBF6E45C1F431ED6B85 /* Pods_CommerceDemoApp.framework in Frameworks */ = {isa = PBXBuildFile; fileRef = 7B64F62BFC1C241B9B03B05C /* Pods_CommerceDemoApp.framework */; };
/* End PBXBuildFile section */

/* Begin PBXFileReference section */
		17BA03797849CB542710B566 /* Pods-CommerceDemoApp.release.xcconfig */ = {isa = PBXFileReference; includeInIndex = 1; lastKnownFileType = text.xcconfig; name = "Pods-CommerceDemoApp.release.xcconfig"; path = "Target Support Files/Pods-CommerceDemoApp/Pods-CommerceDemoApp.release.xcconfig"; sourceTree = "<group>"; };
		2961CBB720AC223442B07455 /* Pods-CommerceDemoApp.debug.xcconfig */ = {isa = PBXFileReference; includeInIndex = 1; lastKnownFileType = text.xcconfig; name = "Pods-CommerceDemoApp.debug.xcconfig"; path = "Target Support Files/Pods-CommerceDemoApp/Pods-CommerceDemoApp.debug.xcconfig"; sourceTree = "<group>"; };
		7B64F62BFC1C241B9B03B05C /* Pods_CommerceDemoApp.framework */ = {isa = PBXFileReference; explicitFileType = wrapper.framework; includeInIndex = 0; path = Pods_CommerceDemoApp.framework; sourceTree = BUILT_PRODUCTS_DIR; };
		D6299E23293087A5004139DD /* CommerceDemoApp.app */ = {isa = PBXFileReference; explicitFileType = wrapper.application; includeInIndex = 0; path = CommerceDemoApp.app; sourceTree = BUILT_PRODUCTS_DIR; };
		D6299E26293087A5004139DD /* AppDelegate.swift */ = {isa = PBXFileReference; lastKnownFileType = sourcecode.swift; path = AppDelegate.swift; sourceTree = "<group>"; };
		D6299E28293087A5004139DD /* SceneDelegate.swift */ = {isa = PBXFileReference; lastKnownFileType = sourcecode.swift; path = SceneDelegate.swift; sourceTree = "<group>"; };
		D6299E2A293087A5004139DD /* ViewController.swift */ = {isa = PBXFileReference; lastKnownFileType = sourcecode.swift; path = ViewController.swift; sourceTree = "<group>"; };
		D6299E30293087A5004139DD /* CommerceDemoApp.xcdatamodel */ = {isa = PBXFileReference; lastKnownFileType = wrapper.xcdatamodel; path = CommerceDemoApp.xcdatamodel; sourceTree = "<group>"; };
		D6299E32293087A7004139DD /* Assets.xcassets */ = {isa = PBXFileReference; lastKnownFileType = folder.assetcatalog; path = Assets.xcassets; sourceTree = "<group>"; };
		D6299E35293087A7004139DD /* Base */ = {isa = PBXFileReference; lastKnownFileType = file.storyboard; name = Base; path = Base.lproj/LaunchScreen.storyboard; sourceTree = "<group>"; };
		D6299E37293087A7004139DD /* Info.plist */ = {isa = PBXFileReference; lastKnownFileType = text.plist.xml; path = Info.plist; sourceTree = "<group>"; };
		D6299E3F29308BD2004139DD /* BaseTabBarController.swift */ = {isa = PBXFileReference; lastKnownFileType = sourcecode.swift; path = BaseTabBarController.swift; sourceTree = "<group>"; };
		D6299E4929309003004139DD /* HomeViewController.swift */ = {isa = PBXFileReference; lastKnownFileType = sourcecode.swift; path = HomeViewController.swift; sourceTree = "<group>"; };
		D6299E4B2930900E004139DD /* LikeViewController.swift */ = {isa = PBXFileReference; lastKnownFileType = sourcecode.swift; path = LikeViewController.swift; sourceTree = "<group>"; };
		D6299E4D29309023004139DD /* HomeReactor.swift */ = {isa = PBXFileReference; lastKnownFileType = sourcecode.swift; path = HomeReactor.swift; sourceTree = "<group>"; };
		D6299E4F2930902A004139DD /* HomeModel.swift */ = {isa = PBXFileReference; lastKnownFileType = sourcecode.swift; path = HomeModel.swift; sourceTree = "<group>"; };
		D6299E5129309039004139DD /* LikeReactor.swift */ = {isa = PBXFileReference; lastKnownFileType = sourcecode.swift; path = LikeReactor.swift; sourceTree = "<group>"; };
		D6299E5329309043004139DD /* LikeModel.swift */ = {isa = PBXFileReference; lastKnownFileType = sourcecode.swift; path = LikeModel.swift; sourceTree = "<group>"; };
		D6299E5829309436004139DD /* UIColor+Extensions.swift */ = {isa = PBXFileReference; lastKnownFileType = sourcecode.swift; path = "UIColor+Extensions.swift"; sourceTree = "<group>"; };
		D6299E5D2930A093004139DD /* HomeBannerCollectionViewCell.swift */ = {isa = PBXFileReference; lastKnownFileType = sourcecode.swift; path = HomeBannerCollectionViewCell.swift; sourceTree = "<group>"; };
		D6299E612930A106004139DD /* GoodsListCollectionViewCell.swift */ = {isa = PBXFileReference; lastKnownFileType = sourcecode.swift; path = GoodsListCollectionViewCell.swift; sourceTree = "<group>"; };
		D6299E6629319EDC004139DD /* HttpApiManager.swift */ = {isa = PBXFileReference; lastKnownFileType = sourcecode.swift; path = HttpApiManager.swift; sourceTree = "<group>"; };
		D6299E6829319F85004139DD /* ApiError.swift */ = {isa = PBXFileReference; lastKnownFileType = sourcecode.swift; path = ApiError.swift; sourceTree = "<group>"; };
		D6299E6A2931AB5D004139DD /* NSError+Extensions.swift */ = {isa = PBXFileReference; lastKnownFileType = sourcecode.swift; path = "NSError+Extensions.swift"; sourceTree = "<group>"; };
		D6299E6C2931ABAC004139DD /* HomeApi.swift */ = {isa = PBXFileReference; lastKnownFileType = sourcecode.swift; path = HomeApi.swift; sourceTree = "<group>"; };
		D6299E702931AC12004139DD /* HomeApiServiceModel.swift */ = {isa = PBXFileReference; lastKnownFileType = sourcecode.swift; path = HomeApiServiceModel.swift; sourceTree = "<group>"; };
		D6299E772931E3EC004139DD /* Int+Extensions.swift */ = {isa = PBXFileReference; lastKnownFileType = sourcecode.swift; path = "Int+Extensions.swift"; sourceTree = "<group>"; };
/* End PBXFileReference section */

/* Begin PBXFrameworksBuildPhase section */
		D6299E20293087A5004139DD /* Frameworks */ = {
			isa = PBXFrameworksBuildPhase;
			buildActionMask = 2147483647;
			files = (
				E4A22EBF6E45C1F431ED6B85 /* Pods_CommerceDemoApp.framework in Frameworks */,
			);
			runOnlyForDeploymentPostprocessing = 0;
		};
/* End PBXFrameworksBuildPhase section */

/* Begin PBXGroup section */
		907658F3A2BA8DCDE1DCA3C5 /* Pods */ = {
			isa = PBXGroup;
			children = (
				2961CBB720AC223442B07455 /* Pods-CommerceDemoApp.debug.xcconfig */,
				17BA03797849CB542710B566 /* Pods-CommerceDemoApp.release.xcconfig */,
			);
			path = Pods;
			sourceTree = "<group>";
		};
		A7AF30A353B39727CFDDE247 /* Frameworks */ = {
			isa = PBXGroup;
			children = (
				7B64F62BFC1C241B9B03B05C /* Pods_CommerceDemoApp.framework */,
			);
			name = Frameworks;
			sourceTree = "<group>";
		};
		D6299E1A293087A5004139DD = {
			isa = PBXGroup;
			children = (
				D6299E25293087A5004139DD /* CommerceDemoApp */,
				D6299E24293087A5004139DD /* Products */,
				907658F3A2BA8DCDE1DCA3C5 /* Pods */,
				A7AF30A353B39727CFDDE247 /* Frameworks */,
			);
			sourceTree = "<group>";
		};
		D6299E24293087A5004139DD /* Products */ = {
			isa = PBXGroup;
			children = (
				D6299E23293087A5004139DD /* CommerceDemoApp.app */,
			);
			name = Products;
			sourceTree = "<group>";
		};
		D6299E25293087A5004139DD /* CommerceDemoApp */ = {
			isa = PBXGroup;
			children = (
				D6299E5729309421004139DD /* Service */,
				D6299E3D29308BBA004139DD /* Base */,
				D6299E3E29308BC0004139DD /* Pages */,
				D6299E5529309406004139DD /* Support */,
				D6299E26293087A5004139DD /* AppDelegate.swift */,
				D6299E28293087A5004139DD /* SceneDelegate.swift */,
				D6299E2A293087A5004139DD /* ViewController.swift */,
				D6299E32293087A7004139DD /* Assets.xcassets */,
				D6299E34293087A7004139DD /* LaunchScreen.storyboard */,
				D6299E37293087A7004139DD /* Info.plist */,
				D6299E2F293087A5004139DD /* CommerceDemoApp.xcdatamodeld */,
			);
			path = CommerceDemoApp;
			sourceTree = "<group>";
		};
		D6299E3D29308BBA004139DD /* Base */ = {
			isa = PBXGroup;
			children = (
				D6299E3F29308BD2004139DD /* BaseTabBarController.swift */,
			);
			path = Base;
			sourceTree = "<group>";
		};
		D6299E3E29308BC0004139DD /* Pages */ = {
			isa = PBXGroup;
			children = (
				D6299E4129308F0E004139DD /* Home */,
				D6299E4229308F1A004139DD /* Like */,
			);
			path = Pages;
			sourceTree = "<group>";
		};
		D6299E4129308F0E004139DD /* Home */ = {
			isa = PBXGroup;
			children = (
				D6299E4529308F3B004139DD /* Model */,
				D6299E4429308F36004139DD /* ViewModel */,
				D6299E4329308F33004139DD /* View */,
			);
			path = Home;
			sourceTree = "<group>";
		};
		D6299E4229308F1A004139DD /* Like */ = {
			isa = PBXGroup;
			children = (
				D6299E4829308F4A004139DD /* Model */,
				D6299E4729308F45004139DD /* ViewModel */,
				D6299E4629308F41004139DD /* View */,
			);
			path = Like;
			sourceTree = "<group>";
		};
		D6299E4329308F33004139DD /* View */ = {
			isa = PBXGroup;
			children = (
				D6299E4929309003004139DD /* HomeViewController.swift */,
				D6299E5A2930A056004139DD /* CollectionViewCell */,
			);
			path = View;
			sourceTree = "<group>";
		};
		D6299E4429308F36004139DD /* ViewModel */ = {
			isa = PBXGroup;
			children = (
				D6299E4D29309023004139DD /* HomeReactor.swift */,
			);
			path = ViewModel;
			sourceTree = "<group>";
		};
		D6299E4529308F3B004139DD /* Model */ = {
			isa = PBXGroup;
			children = (
				D6299E4F2930902A004139DD /* HomeModel.swift */,
			);
			path = Model;
			sourceTree = "<group>";
		};
		D6299E4629308F41004139DD /* View */ = {
			isa = PBXGroup;
			children = (
				D6299E4B2930900E004139DD /* LikeViewController.swift */,
			);
			path = View;
			sourceTree = "<group>";
		};
		D6299E4729308F45004139DD /* ViewModel */ = {
			isa = PBXGroup;
			children = (
				D6299E5129309039004139DD /* LikeReactor.swift */,
			);
			path = ViewModel;
			sourceTree = "<group>";
		};
		D6299E4829308F4A004139DD /* Model */ = {
			isa = PBXGroup;
			children = (
				D6299E5329309043004139DD /* LikeModel.swift */,
			);
			path = Model;
			sourceTree = "<group>";
		};
		D6299E5529309406004139DD /* Support */ = {
			isa = PBXGroup;
			children = (
				D6299E762931B79D004139DD /* Error */,
				D6299E5629309417004139DD /* Extensions */,
			);
			path = Support;
			sourceTree = "<group>";
		};
		D6299E5629309417004139DD /* Extensions */ = {
			isa = PBXGroup;
			children = (
				D6299E5829309436004139DD /* UIColor+Extensions.swift */,
				D6299E6A2931AB5D004139DD /* NSError+Extensions.swift */,
				D6299E772931E3EC004139DD /* Int+Extensions.swift */,
			);
			path = Extensions;
			sourceTree = "<group>";
		};
		D6299E5729309421004139DD /* Service */ = {
			isa = PBXGroup;
			children = (
				D6299E6629319EDC004139DD /* HttpApiManager.swift */,
				D6299E6E2931ABBF004139DD /* API */,
			);
			path = Service;
			sourceTree = "<group>";
		};
		D6299E5A2930A056004139DD /* CollectionViewCell */ = {
			isa = PBXGroup;
			children = (
				D6299E5D2930A093004139DD /* HomeBannerCollectionViewCell.swift */,
				D6299E612930A106004139DD /* GoodsListCollectionViewCell.swift */,
			);
			path = CollectionViewCell;
			sourceTree = "<group>";
		};
		D6299E6E2931ABBF004139DD /* API */ = {
			isa = PBXGroup;
			children = (
				D6299E6F2931AC01004139DD /* HomeAPI */,
			);
			path = API;
			sourceTree = "<group>";
		};
		D6299E6F2931AC01004139DD /* HomeAPI */ = {
			isa = PBXGroup;
			children = (
				D6299E702931AC12004139DD /* HomeApiServiceModel.swift */,
				D6299E6C2931ABAC004139DD /* HomeApi.swift */,
			);
			path = HomeAPI;
			sourceTree = "<group>";
		};
		D6299E762931B79D004139DD /* Error */ = {
			isa = PBXGroup;
			children = (
				D6299E6829319F85004139DD /* ApiError.swift */,
			);
			path = Error;
			sourceTree = "<group>";
		};
/* End PBXGroup section */

/* Begin PBXNativeTarget section */
		D6299E22293087A5004139DD /* CommerceDemoApp */ = {
			isa = PBXNativeTarget;
			buildConfigurationList = D6299E3A293087A7004139DD /* Build configuration list for PBXNativeTarget "CommerceDemoApp" */;
			buildPhases = (
				5A68B8786F3D6DBD29949C36 /* [CP] Check Pods Manifest.lock */,
				D6299E1F293087A5004139DD /* Sources */,
				D6299E20293087A5004139DD /* Frameworks */,
				D6299E21293087A5004139DD /* Resources */,
				E37A4E89A45723CD2F20E587 /* [CP] Embed Pods Frameworks */,
			);
			buildRules = (
			);
			dependencies = (
			);
			name = CommerceDemoApp;
			productName = CommerceDemoApp;
			productReference = D6299E23293087A5004139DD /* CommerceDemoApp.app */;
			productType = "com.apple.product-type.application";
		};
/* End PBXNativeTarget section */

/* Begin PBXProject section */
		D6299E1B293087A5004139DD /* Project object */ = {
			isa = PBXProject;
			attributes = {
				BuildIndependentTargetsInParallel = 1;
				LastSwiftUpdateCheck = 1400;
				LastUpgradeCheck = 1400;
				TargetAttributes = {
					D6299E22293087A5004139DD = {
						CreatedOnToolsVersion = 14.0;
					};
				};
			};
			buildConfigurationList = D6299E1E293087A5004139DD /* Build configuration list for PBXProject "CommerceDemoApp" */;
			compatibilityVersion = "Xcode 14.0";
			developmentRegion = en;
			hasScannedForEncodings = 0;
			knownRegions = (
				en,
				Base,
			);
			mainGroup = D6299E1A293087A5004139DD;
			productRefGroup = D6299E24293087A5004139DD /* Products */;
			projectDirPath = "";
			projectRoot = "";
			targets = (
				D6299E22293087A5004139DD /* CommerceDemoApp */,
			);
		};
/* End PBXProject section */

/* Begin PBXResourcesBuildPhase section */
		D6299E21293087A5004139DD /* Resources */ = {
			isa = PBXResourcesBuildPhase;
			buildActionMask = 2147483647;
			files = (
				D6299E36293087A7004139DD /* LaunchScreen.storyboard in Resources */,
				D6299E33293087A7004139DD /* Assets.xcassets in Resources */,
			);
			runOnlyForDeploymentPostprocessing = 0;
		};
/* End PBXResourcesBuildPhase section */

/* Begin PBXShellScriptBuildPhase section */
		5A68B8786F3D6DBD29949C36 /* [CP] Check Pods Manifest.lock */ = {
			isa = PBXShellScriptBuildPhase;
			buildActionMask = 2147483647;
			files = (
			);
			inputFileListPaths = (
			);
			inputPaths = (
				"${PODS_PODFILE_DIR_PATH}/Podfile.lock",
				"${PODS_ROOT}/Manifest.lock",
			);
			name = "[CP] Check Pods Manifest.lock";
			outputFileListPaths = (
			);
			outputPaths = (
				"$(DERIVED_FILE_DIR)/Pods-CommerceDemoApp-checkManifestLockResult.txt",
			);
			runOnlyForDeploymentPostprocessing = 0;
			shellPath = /bin/sh;
			shellScript = "diff \"${PODS_PODFILE_DIR_PATH}/Podfile.lock\" \"${PODS_ROOT}/Manifest.lock\" > /dev/null\nif [ $? != 0 ] ; then\n    # print error to STDERR\n    echo \"error: The sandbox is not in sync with the Podfile.lock. Run 'pod install' or update your CocoaPods installation.\" >&2\n    exit 1\nfi\n# This output is used by Xcode 'outputs' to avoid re-running this script phase.\necho \"SUCCESS\" > \"${SCRIPT_OUTPUT_FILE_0}\"\n";
			showEnvVarsInLog = 0;
		};
		E37A4E89A45723CD2F20E587 /* [CP] Embed Pods Frameworks */ = {
			isa = PBXShellScriptBuildPhase;
			buildActionMask = 2147483647;
			files = (
			);
			inputFileListPaths = (
				"${PODS_ROOT}/Target Support Files/Pods-CommerceDemoApp/Pods-CommerceDemoApp-frameworks-${CONFIGURATION}-input-files.xcfilelist",
			);
			name = "[CP] Embed Pods Frameworks";
			outputFileListPaths = (
				"${PODS_ROOT}/Target Support Files/Pods-CommerceDemoApp/Pods-CommerceDemoApp-frameworks-${CONFIGURATION}-output-files.xcfilelist",
			);
			runOnlyForDeploymentPostprocessing = 0;
			shellPath = /bin/sh;
			shellScript = "\"${PODS_ROOT}/Target Support Files/Pods-CommerceDemoApp/Pods-CommerceDemoApp-frameworks.sh\"\n";
			showEnvVarsInLog = 0;
		};
/* End PBXShellScriptBuildPhase section */

/* Begin PBXSourcesBuildPhase section */
		D6299E1F293087A5004139DD /* Sources */ = {
			isa = PBXSourcesBuildPhase;
			buildActionMask = 2147483647;
			files = (
				D6299E2B293087A5004139DD /* ViewController.swift in Sources */,
				D6299E712931AC12004139DD /* HomeApiServiceModel.swift in Sources */,
				D6299E31293087A5004139DD /* CommerceDemoApp.xcdatamodeld in Sources */,
				D6299E502930902A004139DD /* HomeModel.swift in Sources */,
				D6299E4C2930900E004139DD /* LikeViewController.swift in Sources */,
				D6299E6D2931ABAC004139DD /* HomeApi.swift in Sources */,
				D6299E5E2930A093004139DD /* HomeBannerCollectionViewCell.swift in Sources */,
				D6299E6729319EDC004139DD /* HttpApiManager.swift in Sources */,
				D6299E4029308BD2004139DD /* BaseTabBarController.swift in Sources */,
				D6299E782931E3EC004139DD /* Int+Extensions.swift in Sources */,
				D6299E5229309039004139DD /* LikeReactor.swift in Sources */,
				D6299E27293087A5004139DD /* AppDelegate.swift in Sources */,
				D6299E5429309043004139DD /* LikeModel.swift in Sources */,
				D6299E4E29309023004139DD /* HomeReactor.swift in Sources */,
				D6299E6B2931AB5D004139DD /* NSError+Extensions.swift in Sources */,
				D6299E5929309436004139DD /* UIColor+Extensions.swift in Sources */,
				D6299E622930A106004139DD /* GoodsListCollectionViewCell.swift in Sources */,
				D6299E6929319F85004139DD /* ApiError.swift in Sources */,
				D6299E29293087A5004139DD /* SceneDelegate.swift in Sources */,
				D6299E4A29309003004139DD /* HomeViewController.swift in Sources */,
			);
			runOnlyForDeploymentPostprocessing = 0;
		};
/* End PBXSourcesBuildPhase section */

/* Begin PBXVariantGroup section */
		D6299E34293087A7004139DD /* LaunchScreen.storyboard */ = {
			isa = PBXVariantGroup;
			children = (
				D6299E35293087A7004139DD /* Base */,
			);
			name = LaunchScreen.storyboard;
			sourceTree = "<group>";
		};
/* End PBXVariantGroup section */

/* Begin XCBuildConfiguration section */
		D6299E38293087A7004139DD /* Debug */ = {
			isa = XCBuildConfiguration;
			buildSettings = {
				ALWAYS_SEARCH_USER_PATHS = NO;
				CLANG_ANALYZER_NONNULL = YES;
				CLANG_ANALYZER_NUMBER_OBJECT_CONVERSION = YES_AGGRESSIVE;
				CLANG_CXX_LANGUAGE_STANDARD = "gnu++20";
				CLANG_ENABLE_MODULES = YES;
				CLANG_ENABLE_OBJC_ARC = YES;
				CLANG_ENABLE_OBJC_WEAK = YES;
				CLANG_WARN_BLOCK_CAPTURE_AUTORELEASING = YES;
				CLANG_WARN_BOOL_CONVERSION = YES;
				CLANG_WARN_COMMA = YES;
				CLANG_WARN_CONSTANT_CONVERSION = YES;
				CLANG_WARN_DEPRECATED_OBJC_IMPLEMENTATIONS = YES;
				CLANG_WARN_DIRECT_OBJC_ISA_USAGE = YES_ERROR;
				CLANG_WARN_DOCUMENTATION_COMMENTS = YES;
				CLANG_WARN_EMPTY_BODY = YES;
				CLANG_WARN_ENUM_CONVERSION = YES;
				CLANG_WARN_INFINITE_RECURSION = YES;
				CLANG_WARN_INT_CONVERSION = YES;
				CLANG_WARN_NON_LITERAL_NULL_CONVERSION = YES;
				CLANG_WARN_OBJC_IMPLICIT_RETAIN_SELF = YES;
				CLANG_WARN_OBJC_LITERAL_CONVERSION = YES;
				CLANG_WARN_OBJC_ROOT_CLASS = YES_ERROR;
				CLANG_WARN_QUOTED_INCLUDE_IN_FRAMEWORK_HEADER = YES;
				CLANG_WARN_RANGE_LOOP_ANALYSIS = YES;
				CLANG_WARN_STRICT_PROTOTYPES = YES;
				CLANG_WARN_SUSPICIOUS_MOVE = YES;
				CLANG_WARN_UNGUARDED_AVAILABILITY = YES_AGGRESSIVE;
				CLANG_WARN_UNREACHABLE_CODE = YES;
				CLANG_WARN__DUPLICATE_METHOD_MATCH = YES;
				COPY_PHASE_STRIP = NO;
				DEBUG_INFORMATION_FORMAT = dwarf;
				ENABLE_STRICT_OBJC_MSGSEND = YES;
				ENABLE_TESTABILITY = YES;
				GCC_C_LANGUAGE_STANDARD = gnu11;
				GCC_DYNAMIC_NO_PIC = NO;
				GCC_NO_COMMON_BLOCKS = YES;
				GCC_OPTIMIZATION_LEVEL = 0;
				GCC_PREPROCESSOR_DEFINITIONS = (
					"DEBUG=1",
					"$(inherited)",
				);
				GCC_WARN_64_TO_32_BIT_CONVERSION = YES;
				GCC_WARN_ABOUT_RETURN_TYPE = YES_ERROR;
				GCC_WARN_UNDECLARED_SELECTOR = YES;
				GCC_WARN_UNINITIALIZED_AUTOS = YES_AGGRESSIVE;
				GCC_WARN_UNUSED_FUNCTION = YES;
				GCC_WARN_UNUSED_VARIABLE = YES;
				IPHONEOS_DEPLOYMENT_TARGET = 16.0;
				MTL_ENABLE_DEBUG_INFO = INCLUDE_SOURCE;
				MTL_FAST_MATH = YES;
				ONLY_ACTIVE_ARCH = YES;
				SDKROOT = iphoneos;
				SWIFT_ACTIVE_COMPILATION_CONDITIONS = DEBUG;
				SWIFT_OPTIMIZATION_LEVEL = "-Onone";
			};
			name = Debug;
		};
		D6299E39293087A7004139DD /* Release */ = {
			isa = XCBuildConfiguration;
			buildSettings = {
				ALWAYS_SEARCH_USER_PATHS = NO;
				CLANG_ANALYZER_NONNULL = YES;
				CLANG_ANALYZER_NUMBER_OBJECT_CONVERSION = YES_AGGRESSIVE;
				CLANG_CXX_LANGUAGE_STANDARD = "gnu++20";
				CLANG_ENABLE_MODULES = YES;
				CLANG_ENABLE_OBJC_ARC = YES;
				CLANG_ENABLE_OBJC_WEAK = YES;
				CLANG_WARN_BLOCK_CAPTURE_AUTORELEASING = YES;
				CLANG_WARN_BOOL_CONVERSION = YES;
				CLANG_WARN_COMMA = YES;
				CLANG_WARN_CONSTANT_CONVERSION = YES;
				CLANG_WARN_DEPRECATED_OBJC_IMPLEMENTATIONS = YES;
				CLANG_WARN_DIRECT_OBJC_ISA_USAGE = YES_ERROR;
				CLANG_WARN_DOCUMENTATION_COMMENTS = YES;
				CLANG_WARN_EMPTY_BODY = YES;
				CLANG_WARN_ENUM_CONVERSION = YES;
				CLANG_WARN_INFINITE_RECURSION = YES;
				CLANG_WARN_INT_CONVERSION = YES;
				CLANG_WARN_NON_LITERAL_NULL_CONVERSION = YES;
				CLANG_WARN_OBJC_IMPLICIT_RETAIN_SELF = YES;
				CLANG_WARN_OBJC_LITERAL_CONVERSION = YES;
				CLANG_WARN_OBJC_ROOT_CLASS = YES_ERROR;
				CLANG_WARN_QUOTED_INCLUDE_IN_FRAMEWORK_HEADER = YES;
				CLANG_WARN_RANGE_LOOP_ANALYSIS = YES;
				CLANG_WARN_STRICT_PROTOTYPES = YES;
				CLANG_WARN_SUSPICIOUS_MOVE = YES;
				CLANG_WARN_UNGUARDED_AVAILABILITY = YES_AGGRESSIVE;
				CLANG_WARN_UNREACHABLE_CODE = YES;
				CLANG_WARN__DUPLICATE_METHOD_MATCH = YES;
				COPY_PHASE_STRIP = NO;
				DEBUG_INFORMATION_FORMAT = "dwarf-with-dsym";
				ENABLE_NS_ASSERTIONS = NO;
				ENABLE_STRICT_OBJC_MSGSEND = YES;
				GCC_C_LANGUAGE_STANDARD = gnu11;
				GCC_NO_COMMON_BLOCKS = YES;
				GCC_WARN_64_TO_32_BIT_CONVERSION = YES;
				GCC_WARN_ABOUT_RETURN_TYPE = YES_ERROR;
				GCC_WARN_UNDECLARED_SELECTOR = YES;
				GCC_WARN_UNINITIALIZED_AUTOS = YES_AGGRESSIVE;
				GCC_WARN_UNUSED_FUNCTION = YES;
				GCC_WARN_UNUSED_VARIABLE = YES;
				IPHONEOS_DEPLOYMENT_TARGET = 16.0;
				MTL_ENABLE_DEBUG_INFO = NO;
				MTL_FAST_MATH = YES;
				SDKROOT = iphoneos;
				SWIFT_COMPILATION_MODE = wholemodule;
				SWIFT_OPTIMIZATION_LEVEL = "-O";
				VALIDATE_PRODUCT = YES;
			};
			name = Release;
		};
		D6299E3B293087A7004139DD /* Debug */ = {
			isa = XCBuildConfiguration;
			baseConfigurationReference = 2961CBB720AC223442B07455 /* Pods-CommerceDemoApp.debug.xcconfig */;
			buildSettings = {
				ASSETCATALOG_COMPILER_APPICON_NAME = AppIcon;
				ASSETCATALOG_COMPILER_GLOBAL_ACCENT_COLOR_NAME = AccentColor;
				CODE_SIGN_STYLE = Automatic;
				CURRENT_PROJECT_VERSION = 1;
				DEVELOPMENT_TEAM = 653TUFJ9Y7;
				GENERATE_INFOPLIST_FILE = YES;
				INFOPLIST_FILE = CommerceDemoApp/Info.plist;
				INFOPLIST_KEY_CFBundleDisplayName = AblyDemo;
				INFOPLIST_KEY_LSApplicationCategoryType = "public.app-category.shopping";
				INFOPLIST_KEY_UIApplicationSupportsIndirectInputEvents = YES;
				INFOPLIST_KEY_UILaunchStoryboardName = LaunchScreen.storyboard;
				INFOPLIST_KEY_UIStatusBarStyle = UIStatusBarStyleLightContent;
				INFOPLIST_KEY_UISupportedInterfaceOrientations = UIInterfaceOrientationPortrait;
				INFOPLIST_KEY_UIUserInterfaceStyle = Light;
				IPHONEOS_DEPLOYMENT_TARGET = 13.0;
				LD_RUNPATH_SEARCH_PATHS = (
					"$(inherited)",
					"@executable_path/Frameworks",
				);
				MARKETING_VERSION = 1.0;
				PRODUCT_BUNDLE_IDENTIFIER = com.ayeon.CommerceDemoApp;
				PRODUCT_NAME = "$(TARGET_NAME)";
				SUPPORTED_PLATFORMS = "iphoneos iphonesimulator";
				SUPPORTS_MACCATALYST = NO;
				SUPPORTS_MAC_DESIGNED_FOR_IPHONE_IPAD = NO;
				SWIFT_EMIT_LOC_STRINGS = YES;
				SWIFT_VERSION = 5.0;
				TARGETED_DEVICE_FAMILY = "1,2";
			};
			name = Debug;
		};
		D6299E3C293087A7004139DD /* Release */ = {
			isa = XCBuildConfiguration;
			baseConfigurationReference = 17BA03797849CB542710B566 /* Pods-CommerceDemoApp.release.xcconfig */;
			buildSettings = {
				ASSETCATALOG_COMPILER_APPICON_NAME = AppIcon;
				ASSETCATALOG_COMPILER_GLOBAL_ACCENT_COLOR_NAME = AccentColor;
				CODE_SIGN_STYLE = Automatic;
				CURRENT_PROJECT_VERSION = 1;
				DEVELOPMENT_TEAM = 653TUFJ9Y7;
				GENERATE_INFOPLIST_FILE = YES;
				INFOPLIST_FILE = CommerceDemoApp/Info.plist;
				INFOPLIST_KEY_CFBundleDisplayName = AblyDemo;
				INFOPLIST_KEY_LSApplicationCategoryType = "public.app-category.shopping";
				INFOPLIST_KEY_UIApplicationSupportsIndirectInputEvents = YES;
				INFOPLIST_KEY_UILaunchStoryboardName = LaunchScreen.storyboard;
				INFOPLIST_KEY_UIStatusBarStyle = UIStatusBarStyleLightContent;
				INFOPLIST_KEY_UISupportedInterfaceOrientations = UIInterfaceOrientationPortrait;
				INFOPLIST_KEY_UIUserInterfaceStyle = Light;
				IPHONEOS_DEPLOYMENT_TARGET = 13.0;
				LD_RUNPATH_SEARCH_PATHS = (
					"$(inherited)",
					"@executable_path/Frameworks",
				);
				MARKETING_VERSION = 1.0;
				PRODUCT_BUNDLE_IDENTIFIER = com.ayeon.CommerceDemoApp;
				PRODUCT_NAME = "$(TARGET_NAME)";
				SUPPORTED_PLATFORMS = "iphoneos iphonesimulator";
				SUPPORTS_MACCATALYST = NO;
				SUPPORTS_MAC_DESIGNED_FOR_IPHONE_IPAD = NO;
				SWIFT_EMIT_LOC_STRINGS = YES;
				SWIFT_VERSION = 5.0;
				TARGETED_DEVICE_FAMILY = "1,2";
			};
			name = Release;
		};
/* End XCBuildConfiguration section */

/* Begin XCConfigurationList section */
		D6299E1E293087A5004139DD /* Build configuration list for PBXProject "CommerceDemoApp" */ = {
			isa = XCConfigurationList;
			buildConfigurations = (
				D6299E38293087A7004139DD /* Debug */,
				D6299E39293087A7004139DD /* Release */,
			);
			defaultConfigurationIsVisible = 0;
			defaultConfigurationName = Release;
		};
		D6299E3A293087A7004139DD /* Build configuration list for PBXNativeTarget "CommerceDemoApp" */ = {
			isa = XCConfigurationList;
			buildConfigurations = (
				D6299E3B293087A7004139DD /* Debug */,
				D6299E3C293087A7004139DD /* Release */,
			);
			defaultConfigurationIsVisible = 0;
			defaultConfigurationName = Release;
		};
/* End XCConfigurationList section */

/* Begin XCVersionGroup section */
		D6299E2F293087A5004139DD /* CommerceDemoApp.xcdatamodeld */ = {
			isa = XCVersionGroup;
			children = (
				D6299E30293087A5004139DD /* CommerceDemoApp.xcdatamodel */,
			);
			currentVersion = D6299E30293087A5004139DD /* CommerceDemoApp.xcdatamodel */;
			path = CommerceDemoApp.xcdatamodeld;
			sourceTree = "<group>";
			versionGroupType = wrapper.xcdatamodel;
		};
/* End XCVersionGroup section */
	};
	rootObject = D6299E1B293087A5004139DD /* Project object */;
}
